{
  "lockfileVersion": 1,
  "workspaces": {
    "": {
      "name": "converse",
      "dependencies": {
        "@openrouter/ai-sdk-provider": "^1.0.0-beta.1",
        "ai": "^5.0.0-beta.14",
      },
      "devDependencies": {
        "@types/bun": "latest",
      },
      "peerDependencies": {
        "typescript": "^5",
      },
    },
  },
  "packages": {
    "@ai-sdk/gateway": ["@ai-sdk/gateway@1.0.0-beta.5", "", { "dependencies": { "@ai-sdk/provider": "2.0.0-beta.1", "@ai-sdk/provider-utils": "3.0.0-beta.2" }, "peerDependencies": { "zod": "^3.25.49" } }, "sha512-+SgaqoxfFRpFQwgvCK5rh4kznz09x//n9Xtm/l3sjJwlUPLrj+wOeKCCJRWdp1Lpl5cbfdz9qWXrK7Ul+qfUJg=="],

    "@ai-sdk/provider": ["@ai-sdk/provider@2.0.0-beta.1", "", { "dependencies": { "json-schema": "^0.4.0" } }, "sha512-Z8SPncMtS3RsoXITmT7NVwrAq6M44dmw0DoUOYJqNNtCu8iMWuxB8Nxsoqpa0uEEy9R1V1ZThJAXTYgjTUxl3w=="],

    "@ai-sdk/provider-utils": ["@ai-sdk/provider-utils@3.0.0-beta.2", "", { "dependencies": { "@ai-sdk/provider": "2.0.0-beta.1", "@standard-schema/spec": "^1.0.0", "eventsource-parser": "^3.0.3", "zod-to-json-schema": "^3.24.1" }, "peerDependencies": { "zod": "^3.25.49" } }, "sha512-H4K+4weOVgWqrDDeAbQWoA4U5mN4WrQPHQFdH7ynQYcnhj/pzctU9Q6mGlR5ESMWxaXxazxlOblSITlXo9bahA=="],

    "@openrouter/ai-sdk-provider": ["@openrouter/ai-sdk-provider@1.0.0-beta.1", "", { "peerDependencies": { "ai": "^5.0.0-beta.12", "zod": "^3.25.74" } }, "sha512-LsfB425JuE9qiQFnhkm3sn1Vf34W511QIeGnALwvr6nbl1yu2QhlX0N9kL2dPipLbNVWDszmlHe7DsK5ZuzSsg=="],

    "@opentelemetry/api": ["@opentelemetry/api@1.9.0", "", {}, "sha512-3giAOQvZiH5F9bMlMiv8+GSPMeqg0dbaeo58/0SlA9sxSqZhnUtxzX9/2FzyhS9sWQf5S0GJE0AKBrFqjpeYcg=="],

    "@standard-schema/spec": ["@standard-schema/spec@1.0.0", "", {}, "sha512-m2bOd0f2RT9k8QJx1JN85cZYyH1RqFBdlwtkSlf4tBDYLCiiZnv1fIIwacK6cqwXavOydf0NPToMQgpKq+dVlA=="],

    "@types/bun": ["@types/bun@1.2.18", "", { "dependencies": { "bun-types": "1.2.18" } }, "sha512-Xf6RaWVheyemaThV0kUfaAUvCNokFr+bH8Jxp+tTZfx7dAPA8z9ePnP9S9+Vspzuxxx9JRAXhnyccRj3GyCMdQ=="],

    "@types/node": ["@types/node@24.0.13", "", { "dependencies": { "undici-types": "~7.8.0" } }, "sha512-Qm9OYVOFHFYg3wJoTSrz80hoec5Lia/dPp84do3X7dZvLikQvM1YpmvTBEdIr/e+U8HTkFjLHLnl78K/qjf+jQ=="],

    "@types/react": ["@types/react@19.1.8", "", { "dependencies": { "csstype": "^3.0.2" } }, "sha512-AwAfQ2Wa5bCx9WP8nZL2uMZWod7J7/JSplxbTmBQ5ms6QpqNYm672H0Vu9ZVKVngQ+ii4R/byguVEUZQyeg44g=="],

    "ai": ["ai@5.0.0-beta.14", "", { "dependencies": { "@ai-sdk/gateway": "1.0.0-beta.5", "@ai-sdk/provider": "2.0.0-beta.1", "@ai-sdk/provider-utils": "3.0.0-beta.2", "@opentelemetry/api": "1.9.0" }, "peerDependencies": { "zod": "^3.25.49" } }, "sha512-KJ13yajl6csl1W+9Cx+8b+D6Fy2Gmxb0zXRNyF6py9OgwM7ml79BnNDFDe/sHgH9LDW0B7iNhvR9/w8a0/dDSw=="],

    "bun-types": ["bun-types@1.2.18", "", { "dependencies": { "@types/node": "*" }, "peerDependencies": { "@types/react": "^19" } }, "sha512-04+Eha5NP7Z0A9YgDAzMk5PHR16ZuLVa83b26kH5+cp1qZW4F6FmAURngE7INf4tKOvCE69vYvDEwoNl1tGiWw=="],

    "csstype": ["csstype@3.1.3", "", {}, "sha512-M1uQkMl8rQK/szD0LNhtqxIPLpimGm8sOBwU7lLnCpSbTyY3yeU1Vc7l4KT5zT4s/yOxHH5O7tIuuLOCnLADRw=="],

    "eventsource-parser": ["eventsource-parser@3.0.3", "", {}, "sha512-nVpZkTMM9rF6AQ9gPJpFsNAMt48wIzB5TQgiTLdHiuO8XEDhUgZEhqKlZWXbIzo9VmJ/HvysHqEaVeD5v9TPvA=="],

    "json-schema": ["json-schema@0.4.0", "", {}, "sha512-es94M3nTIfsEPisRafak+HDLfHXnKBhV3vU5eqPcS3flIWqcxJWgXHXiey3YrpaNsanY5ei1VoYEbOzijuq9BA=="],

    "typescript": ["typescript@5.8.3", "", { "bin": { "tsc": "bin/tsc", "tsserver": "bin/tsserver" } }, "sha512-p1diW6TqL9L07nNxvRMM7hMMw4c5XOo/1ibL4aAIGmSAt9slTE1Xgw5KWuof2uTOvCg9BY7ZRi+GaF+7sfgPeQ=="],

    "undici-types": ["undici-types@7.8.0", "", {}, "sha512-9UJ2xGDvQ43tYyVMpuHlsgApydB8ZKfVYTsLDhXkFL/6gfkp+U8xTGdh8pMJv1SpZna0zxG1DwsKZsreLbXBxw=="],

    "zod": ["zod@3.25.76", "", {}, "sha512-gzUt/qt81nXsFGKIFcC3YnfEAx5NkunCfnDlvuBSSFS02bcXu4Lmea0AFIUwbLWxWPx3d9p8S5QoaujKcNQxcQ=="],

    "zod-to-json-schema": ["zod-to-json-schema@3.24.6", "", { "peerDependencies": { "zod": "^3.24.1" } }, "sha512-h/z3PKvcTcTetyjl1fkj79MHNEjm+HpD6NXheWjzOekY7kV+lwDYnHw+ivHkijnCSMz1yJaWBD9vu/Fcmk+vEg=="],
  }
}
